
Microsoft Visual Studio Solution File, Format Version 12.00
# Visual Studio 15
VisualStudioVersion = 15.0.27019.1
MinimumVisualStudioVersion = 10.0.40219.1
Project("{FAE04EC0-301F-11D3-BF4B-00C04F79EFBC}") = "MC", "MC\MC.csproj", "{714A23B8-C809-4DC9-B945-89569760F668}"
EndProject
Project("{FAE04EC0-301F-11D3-BF4B-00C04F79EFBC}") = "MC.Tests", "MC.Tests\MC.Tests.csproj", "{1F1E0EC4-69D0-49DA-8EF6-FEE05F0E087C}"
EndProject
Global
	GlobalSection(SolutionConfigurationPlatforms) = preSolution
		Debug|Any CPU = Debug|Any CPU
		Release|Any CPU = Release|Any CPU
	EndGlobalSection
	GlobalSection(ProjectConfigurationPlatforms) = postSolution
		{714A23B8-C809-4DC9-B945-89569760F668}.Debug|Any CPU.ActiveCfg = Debug|Any CPU
		{714A23B8-C809-4DC9-B945-89569760F668}.Debug|Any CPU.Build.0 = Debug|Any CPU
		{714A23B8-C809-4DC9-B945-89569760F668}.Release|Any CPU.ActiveCfg = Release|Any CPU
		{714A23B8-C809-4DC9-B945-89569760F668}.Release|Any CPU.Build.0 = Release|Any CPU
		{1F1E0EC4-69D0-49DA-8EF6-FEE05F0E087C}.Debug|Any CPU.ActiveCfg = Debug|Any CPU
		{1F1E0EC4-69D0-49DA-8EF6-FEE05F0E087C}.Debug|Any CPU.Build.0 = Debug|Any CPU
		{1F1E0EC4-69D0-49DA-8EF6-FEE05F0E087C}.Release|Any CPU.ActiveCfg = Release|Any CPU
		{1F1E0EC4-69D0-49DA-8EF6-FEE05F0E087C}.Release|Any CPU.Build.0 = Release|Any CPU
	EndGlobalSection
	GlobalSection(SolutionProperties) = preSolution
		HideSolutionNode = FALSE
	EndGlobalSection
	GlobalSection(ExtensibilityGlobals) = postSolution
		SolutionGuid = {AB340979-0688-449A-B8FC-D0EBED610C4A}
	EndGlobalSection
EndGlobal
